// !$*UTF8*$!
{
	archiveVersion = 1;
	classes = {
	};
	objectVersion = 46;
	objects = {

/* Begin PBXBuildFile section */
		303520771C88EC4E00436351 /* MHMessageKit.h in Headers */ = {isa = PBXBuildFile; fileRef = 303520761C88EC4E00436351 /* MHMessageKit.h */; settings = {ATTRIBUTES = (Public, ); }; };
		303520CA1C88EE6500436351 /* MHMessageKitTests.swift in Sources */ = {isa = PBXBuildFile; fileRef = 303520C91C88EE6500436351 /* MHMessageKitTests.swift */; };
		303520CC1C88EE6500436351 /* MHMessageKit.framework in Frameworks */ = {isa = PBXBuildFile; fileRef = 303520731C88EC4E00436351 /* MHMessageKit.framework */; };
		303D1BCC1C88F4E900F7FB6C /* Notification+NotificationMessage.swift in Sources */ = {isa = PBXBuildFile; fileRef = 303D1BC71C88F4E900F7FB6C /* Notification+NotificationMessage.swift */; };
		303D1BCF1C88F4E900F7FB6C /* NotificationMessage.swift in Sources */ = {isa = PBXBuildFile; fileRef = 303D1BCA1C88F4E900F7FB6C /* NotificationMessage.swift */; };
		303D1BD01C88F4E900F7FB6C /* NotificationQueue+NotificationMessage.swift in Sources */ = {isa = PBXBuildFile; fileRef = 303D1BCB1C88F4E900F7FB6C /* NotificationQueue+NotificationMessage.swift */; };
		30DF3A501CA7186800E6068A /* NotificationCenter+NotificationMessage.swift in Sources */ = {isa = PBXBuildFile; fileRef = 303D1BC91C88F4E900F7FB6C /* NotificationCenter+NotificationMessage.swift */; };
		30DF3A631CA71A0600E6068A /* NotificationCenter+NotificationMessage+WeakObserver.swift in Sources */ = {isa = PBXBuildFile; fileRef = 303D1BC81C88F4E900F7FB6C /* NotificationCenter+NotificationMessage+WeakObserver.swift */; };
		30DF3A641CA71BE400E6068A /* Message.swift in Sources */ = {isa = PBXBuildFile; fileRef = 303D1BD61C88F4F000F7FB6C /* Message.swift */; };
		30DF3A651CA71BE400E6068A /* MessagePublisher.swift in Sources */ = {isa = PBXBuildFile; fileRef = 303D1BD71C88F4F000F7FB6C /* MessagePublisher.swift */; };
		30DF3A661CA71BE400E6068A /* MessageSubscriber.swift in Sources */ = {isa = PBXBuildFile; fileRef = 303D1BD81C88F4F000F7FB6C /* MessageSubscriber.swift */; };
		30DF3A671CA71BE400E6068A /* MessageSubscription.swift in Sources */ = {isa = PBXBuildFile; fileRef = 303D1BD91C88F4F000F7FB6C /* MessageSubscription.swift */; };
		30DF3A681CA71BE400E6068A /* WeakMessageSubscription.swift in Sources */ = {isa = PBXBuildFile; fileRef = 303D1BDD1C88F4F000F7FB6C /* WeakMessageSubscription.swift */; };
		30DF3A691CA71BE400E6068A /* StaticMessageHandler.swift in Sources */ = {isa = PBXBuildFile; fileRef = 303D1BDA1C88F4F000F7FB6C /* StaticMessageHandler.swift */; };
		30DF3A6A1CA71BE400E6068A /* StaticSubscriptionContainer.swift in Sources */ = {isa = PBXBuildFile; fileRef = 303D1BDB1C88F4F000F7FB6C /* StaticSubscriptionContainer.swift */; };
		30DF3A6B1CA71BE400E6068A /* StaticWeakSubscriptionContainer.swift in Sources */ = {isa = PBXBuildFile; fileRef = 303D1BDC1C88F4F000F7FB6C /* StaticWeakSubscriptionContainer.swift */; };
		30DF3A6C1CA71BE700E6068A /* NotificationMessageSubscription.swift in Sources */ = {isa = PBXBuildFile; fileRef = 303D1BD41C88F4F000F7FB6C /* NotificationMessageSubscription.swift */; };
		30DF3A6D1CA71BE700E6068A /* NotificationCenter+MessageSubscriber.swift in Sources */ = {isa = PBXBuildFile; fileRef = 303D1BD31C88F4F000F7FB6C /* NotificationCenter+MessageSubscriber.swift */; };
		30DF3A6E1CA71BE700E6068A /* NotificationQueue+MessagePublisher.swift in Sources */ = {isa = PBXBuildFile; fileRef = 303D1BD51C88F4F000F7FB6C /* NotificationQueue+MessagePublisher.swift */; };
		30DF3A6F1CA71BE700E6068A /* NotificationCenter+MessagePublisher.swift in Sources */ = {isa = PBXBuildFile; fileRef = 303867F81CA02FF400BE4552 /* NotificationCenter+MessagePublisher.swift */; };
		9997A7301D9B9E1800B81C8D /* XCTestExtensions.swift in Sources */ = {isa = PBXBuildFile; fileRef = 9997A72F1D9B9E1800B81C8D /* XCTestExtensions.swift */; };
		99C59DFA1E9B9AF700EC4DA7 /* NotificationCender+WeakObserver.swift in Sources */ = {isa = PBXBuildFile; fileRef = 99C59DF91E9B9AF700EC4DA7 /* NotificationCender+WeakObserver.swift */; };
/* End PBXBuildFile section */

/* Begin PBXContainerItemProxy section */
		303520CD1C88EE6500436351 /* PBXContainerItemProxy */ = {
			isa = PBXContainerItemProxy;
			containerPortal = 3035206A1C88EC4E00436351 /* Project object */;
			proxyType = 1;
			remoteGlobalIDString = 303520721C88EC4E00436351;
			remoteInfo = MHMessageKit;
		};
/* End PBXContainerItemProxy section */

/* Begin PBXFileReference section */
		303520731C88EC4E00436351 /* MHMessageKit.framework */ = {isa = PBXFileReference; explicitFileType = wrapper.framework; includeInIndex = 0; path = MHMessageKit.framework; sourceTree = BUILT_PRODUCTS_DIR; };
		303520761C88EC4E00436351 /* MHMessageKit.h */ = {isa = PBXFileReference; lastKnownFileType = sourcecode.c.h; path = MHMessageKit.h; sourceTree = "<group>"; };
		303520781C88EC4E00436351 /* Info.plist */ = {isa = PBXFileReference; lastKnownFileType = text.plist.xml; path = Info.plist; sourceTree = "<group>"; };
		303520AC1C88ED6000436351 /* LICENSE.md */ = {isa = PBXFileReference; lastKnownFileType = net.daringfireball.markdown; path = LICENSE.md; sourceTree = "<group>"; };
		303520AD1C88ED6000436351 /* README.md */ = {isa = PBXFileReference; lastKnownFileType = net.daringfireball.markdown; path = README.md; sourceTree = "<group>"; };
		303520C71C88EE6500436351 /* MHMessageKitTests.xctest */ = {isa = PBXFileReference; explicitFileType = wrapper.cfbundle; includeInIndex = 0; path = MHMessageKitTests.xctest; sourceTree = BUILT_PRODUCTS_DIR; };
		303520C91C88EE6500436351 /* MHMessageKitTests.swift */ = {isa = PBXFileReference; lastKnownFileType = sourcecode.swift; path = MHMessageKitTests.swift; sourceTree = "<group>"; };
		303520CB1C88EE6500436351 /* Info.plist */ = {isa = PBXFileReference; lastKnownFileType = text.plist.xml; path = Info.plist; sourceTree = "<group>"; };
		303867F81CA02FF400BE4552 /* NotificationCenter+MessagePublisher.swift */ = {isa = PBXFileReference; fileEncoding = 4; lastKnownFileType = sourcecode.swift; path = "NotificationCenter+MessagePublisher.swift"; sourceTree = "<group>"; };
		303D1BC71C88F4E900F7FB6C /* Notification+NotificationMessage.swift */ = {isa = PBXFileReference; fileEncoding = 4; lastKnownFileType = sourcecode.swift; path = "Notification+NotificationMessage.swift"; sourceTree = "<group>"; };
		303D1BC81C88F4E900F7FB6C /* NotificationCenter+NotificationMessage+WeakObserver.swift */ = {isa = PBXFileReference; fileEncoding = 4; lastKnownFileType = sourcecode.swift; path = "NotificationCenter+NotificationMessage+WeakObserver.swift"; sourceTree = "<group>"; };
		303D1BC91C88F4E900F7FB6C /* NotificationCenter+NotificationMessage.swift */ = {isa = PBXFileReference; fileEncoding = 4; lastKnownFileType = sourcecode.swift; path = "NotificationCenter+NotificationMessage.swift"; sourceTree = "<group>"; };
		303D1BCA1C88F4E900F7FB6C /* NotificationMessage.swift */ = {isa = PBXFileReference; fileEncoding = 4; lastKnownFileType = sourcecode.swift; path = NotificationMessage.swift; sourceTree = "<group>"; };
		303D1BCB1C88F4E900F7FB6C /* NotificationQueue+NotificationMessage.swift */ = {isa = PBXFileReference; fileEncoding = 4; lastKnownFileType = sourcecode.swift; path = "NotificationQueue+NotificationMessage.swift"; sourceTree = "<group>"; };
		303D1BD31C88F4F000F7FB6C /* NotificationCenter+MessageSubscriber.swift */ = {isa = PBXFileReference; fileEncoding = 4; lastKnownFileType = sourcecode.swift; path = "NotificationCenter+MessageSubscriber.swift"; sourceTree = "<group>"; };
		303D1BD41C88F4F000F7FB6C /* NotificationMessageSubscription.swift */ = {isa = PBXFileReference; fileEncoding = 4; lastKnownFileType = sourcecode.swift; path = NotificationMessageSubscription.swift; sourceTree = "<group>"; };
		303D1BD51C88F4F000F7FB6C /* NotificationQueue+MessagePublisher.swift */ = {isa = PBXFileReference; fileEncoding = 4; lastKnownFileType = sourcecode.swift; path = "NotificationQueue+MessagePublisher.swift"; sourceTree = "<group>"; };
		303D1BD61C88F4F000F7FB6C /* Message.swift */ = {isa = PBXFileReference; fileEncoding = 4; lastKnownFileType = sourcecode.swift; path = Message.swift; sourceTree = "<group>"; };
		303D1BD71C88F4F000F7FB6C /* MessagePublisher.swift */ = {isa = PBXFileReference; fileEncoding = 4; lastKnownFileType = sourcecode.swift; path = MessagePublisher.swift; sourceTree = "<group>"; };
		303D1BD81C88F4F000F7FB6C /* MessageSubscriber.swift */ = {isa = PBXFileReference; fileEncoding = 4; lastKnownFileType = sourcecode.swift; path = MessageSubscriber.swift; sourceTree = "<group>"; };
		303D1BD91C88F4F000F7FB6C /* MessageSubscription.swift */ = {isa = PBXFileReference; fileEncoding = 4; lastKnownFileType = sourcecode.swift; path = MessageSubscription.swift; sourceTree = "<group>"; };
		303D1BDA1C88F4F000F7FB6C /* StaticMessageHandler.swift */ = {isa = PBXFileReference; fileEncoding = 4; lastKnownFileType = sourcecode.swift; path = StaticMessageHandler.swift; sourceTree = "<group>"; };
		303D1BDB1C88F4F000F7FB6C /* StaticSubscriptionContainer.swift */ = {isa = PBXFileReference; fileEncoding = 4; lastKnownFileType = sourcecode.swift; path = StaticSubscriptionContainer.swift; sourceTree = "<group>"; };
		303D1BDC1C88F4F000F7FB6C /* StaticWeakSubscriptionContainer.swift */ = {isa = PBXFileReference; fileEncoding = 4; lastKnownFileType = sourcecode.swift; path = StaticWeakSubscriptionContainer.swift; sourceTree = "<group>"; };
		303D1BDD1C88F4F000F7FB6C /* WeakMessageSubscription.swift */ = {isa = PBXFileReference; fileEncoding = 4; lastKnownFileType = sourcecode.swift; path = WeakMessageSubscription.swift; sourceTree = "<group>"; };
		9997A72F1D9B9E1800B81C8D /* XCTestExtensions.swift */ = {isa = PBXFileReference; fileEncoding = 4; lastKnownFileType = sourcecode.swift; path = XCTestExtensions.swift; sourceTree = "<group>"; };
		99C59DF91E9B9AF700EC4DA7 /* NotificationCender+WeakObserver.swift */ = {isa = PBXFileReference; fileEncoding = 4; lastKnownFileType = sourcecode.swift; path = "NotificationCender+WeakObserver.swift"; sourceTree = "<group>"; };
/* End PBXFileReference section */

/* Begin PBXFrameworksBuildPhase section */
		3035206F1C88EC4E00436351 /* Frameworks */ = {
			isa = PBXFrameworksBuildPhase;
			buildActionMask = 2147483647;
			files = (
			);
			runOnlyForDeploymentPostprocessing = 0;
		};
		303520C41C88EE6500436351 /* Frameworks */ = {
			isa = PBXFrameworksBuildPhase;
			buildActionMask = 2147483647;
			files = (
				303520CC1C88EE6500436351 /* MHMessageKit.framework in Frameworks */,
			);
			runOnlyForDeploymentPostprocessing = 0;
		};
/* End PBXFrameworksBuildPhase section */

/* Begin PBXGroup section */
		303520691C88EC4E00436351 = {
			isa = PBXGroup;
			children = (
				303520AD1C88ED6000436351 /* README.md */,
				303520AC1C88ED6000436351 /* LICENSE.md */,
				303520751C88EC4E00436351 /* MHMessageKit */,
				303520C81C88EE6500436351 /* MHMessageKitTests */,
				303520741C88EC4E00436351 /* Products */,
			);
			sourceTree = "<group>";
		};
		303520741C88EC4E00436351 /* Products */ = {
			isa = PBXGroup;
			children = (
				303520731C88EC4E00436351 /* MHMessageKit.framework */,
				303520C71C88EE6500436351 /* MHMessageKitTests.xctest */,
			);
			name = Products;
			sourceTree = "<group>";
		};
		303520751C88EC4E00436351 /* MHMessageKit */ = {
			isa = PBXGroup;
			children = (
				303520761C88EC4E00436351 /* MHMessageKit.h */,
				99C59DF41E9B9A7C00EC4DA7 /* WeakObservers */,
				303D1BC61C88F4E900F7FB6C /* NSNotificationMessage */,
				303D1BD11C88F4F000F7FB6C /* Message */,
				303520781C88EC4E00436351 /* Info.plist */,
			);
			path = MHMessageKit;
			sourceTree = "<group>";
		};
		303520C81C88EE6500436351 /* MHMessageKitTests */ = {
			isa = PBXGroup;
			children = (
				9997A72F1D9B9E1800B81C8D /* XCTestExtensions.swift */,
				303520C91C88EE6500436351 /* MHMessageKitTests.swift */,
				303520CB1C88EE6500436351 /* Info.plist */,
			);
			path = MHMessageKitTests;
			sourceTree = "<group>";
		};
		303D1BC61C88F4E900F7FB6C /* NSNotificationMessage */ = {
			isa = PBXGroup;
			children = (
				303D1BCA1C88F4E900F7FB6C /* NotificationMessage.swift */,
				303D1BC71C88F4E900F7FB6C /* Notification+NotificationMessage.swift */,
				303D1BC91C88F4E900F7FB6C /* NotificationCenter+NotificationMessage.swift */,
				303D1BCB1C88F4E900F7FB6C /* NotificationQueue+NotificationMessage.swift */,
				303D1BC81C88F4E900F7FB6C /* NotificationCenter+NotificationMessage+WeakObserver.swift */,
			);
			path = NSNotificationMessage;
			sourceTree = "<group>";
		};
		303D1BD11C88F4F000F7FB6C /* Message */ = {
			isa = PBXGroup;
			children = (
				303D1BD61C88F4F000F7FB6C /* Message.swift */,
				303D1BD71C88F4F000F7FB6C /* MessagePublisher.swift */,
				303D1BD81C88F4F000F7FB6C /* MessageSubscriber.swift */,
				303D1BD91C88F4F000F7FB6C /* MessageSubscription.swift */,
				303D1BDD1C88F4F000F7FB6C /* WeakMessageSubscription.swift */,
				303D1BDA1C88F4F000F7FB6C /* StaticMessageHandler.swift */,
				303D1BDB1C88F4F000F7FB6C /* StaticSubscriptionContainer.swift */,
				303D1BDC1C88F4F000F7FB6C /* StaticWeakSubscriptionContainer.swift */,
				303D1BD21C88F4F000F7FB6C /* Implementation */,
			);
			path = Message;
			sourceTree = "<group>";
		};
		303D1BD21C88F4F000F7FB6C /* Implementation */ = {
			isa = PBXGroup;
			children = (
				303D1BD41C88F4F000F7FB6C /* NotificationMessageSubscription.swift */,
				303D1BD31C88F4F000F7FB6C /* NotificationCenter+MessageSubscriber.swift */,
				303D1BD51C88F4F000F7FB6C /* NotificationQueue+MessagePublisher.swift */,
				303867F81CA02FF400BE4552 /* NotificationCenter+MessagePublisher.swift */,
			);
			path = Implementation;
			sourceTree = "<group>";
		};
		99C59DF41E9B9A7C00EC4DA7 /* WeakObservers */ = {
			isa = PBXGroup;
			children = (
				99C59DF91E9B9AF700EC4DA7 /* NotificationCender+WeakObserver.swift */,
			);
			path = WeakObservers;
			sourceTree = "<group>";
		};
/* End PBXGroup section */

/* Begin PBXHeadersBuildPhase section */
		303520701C88EC4E00436351 /* Headers */ = {
			isa = PBXHeadersBuildPhase;
			buildActionMask = 2147483647;
			files = (
				303520771C88EC4E00436351 /* MHMessageKit.h in Headers */,
			);
			runOnlyForDeploymentPostprocessing = 0;
		};
/* End PBXHeadersBuildPhase section */

/* Begin PBXNativeTarget section */
		303520721C88EC4E00436351 /* MHMessageKit */ = {
			isa = PBXNativeTarget;
			buildConfigurationList = 3035207B1C88EC4E00436351 /* Build configuration list for PBXNativeTarget "MHMessageKit" */;
			buildPhases = (
				3035206E1C88EC4E00436351 /* Sources */,
				3035206F1C88EC4E00436351 /* Frameworks */,
				303520701C88EC4E00436351 /* Headers */,
				303520711C88EC4E00436351 /* Resources */,
			);
			buildRules = (
			);
			dependencies = (
			);
			name = MHMessageKit;
			productName = MHMessageKit;
			productReference = 303520731C88EC4E00436351 /* MHMessageKit.framework */;
			productType = "com.apple.product-type.framework";
		};
		303520C61C88EE6500436351 /* MHMessageKitTests */ = {
			isa = PBXNativeTarget;
			buildConfigurationList = 303520CF1C88EE6500436351 /* Build configuration list for PBXNativeTarget "MHMessageKitTests" */;
			buildPhases = (
				303520C31C88EE6500436351 /* Sources */,
				303520C41C88EE6500436351 /* Frameworks */,
				303520C51C88EE6500436351 /* Resources */,
			);
			buildRules = (
			);
			dependencies = (
				303520CE1C88EE6500436351 /* PBXTargetDependency */,
			);
			name = MHMessageKitTests;
			productName = MHMessageKitTests;
			productReference = 303520C71C88EE6500436351 /* MHMessageKitTests.xctest */;
			productType = "com.apple.product-type.bundle.unit-test";
		};
/* End PBXNativeTarget section */

/* Begin PBXProject section */
		3035206A1C88EC4E00436351 /* Project object */ = {
			isa = PBXProject;
			attributes = {
				LastSwiftUpdateCheck = 0720;
				LastUpgradeCheck = 0930;
				ORGANIZATIONNAME = "Milen Halachev";
				TargetAttributes = {
					303520721C88EC4E00436351 = {
						CreatedOnToolsVersion = 7.2.1;
						LastSwiftMigration = 0900;
					};
					303520C61C88EE6500436351 = {
						CreatedOnToolsVersion = 7.2.1;
						LastSwiftMigration = 0900;
					};
				};
			};
			buildConfigurationList = 3035206D1C88EC4E00436351 /* Build configuration list for PBXProject "MHMessageKit" */;
			compatibilityVersion = "Xcode 3.2";
			developmentRegion = English;
			hasScannedForEncodings = 0;
			knownRegions = (
				en,
			);
			mainGroup = 303520691C88EC4E00436351;
			productRefGroup = 303520741C88EC4E00436351 /* Products */;
			projectDirPath = "";
			projectRoot = "";
			targets = (
				303520721C88EC4E00436351 /* MHMessageKit */,
				303520C61C88EE6500436351 /* MHMessageKitTests */,
			);
		};
/* End PBXProject section */

/* Begin PBXResourcesBuildPhase section */
		303520711C88EC4E00436351 /* Resources */ = {
			isa = PBXResourcesBuildPhase;
			buildActionMask = 2147483647;
			files = (
			);
			runOnlyForDeploymentPostprocessing = 0;
		};
		303520C51C88EE6500436351 /* Resources */ = {
			isa = PBXResourcesBuildPhase;
			buildActionMask = 2147483647;
			files = (
			);
			runOnlyForDeploymentPostprocessing = 0;
		};
/* End PBXResourcesBuildPhase section */

/* Begin PBXSourcesBuildPhase section */
		3035206E1C88EC4E00436351 /* Sources */ = {
			isa = PBXSourcesBuildPhase;
			buildActionMask = 2147483647;
			files = (
				30DF3A501CA7186800E6068A /* NotificationCenter+NotificationMessage.swift in Sources */,
				303D1BD01C88F4E900F7FB6C /* NotificationQueue+NotificationMessage.swift in Sources */,
				99C59DFA1E9B9AF700EC4DA7 /* NotificationCender+WeakObserver.swift in Sources */,
				30DF3A6C1CA71BE700E6068A /* NotificationMessageSubscription.swift in Sources */,
				30DF3A631CA71A0600E6068A /* NotificationCenter+NotificationMessage+WeakObserver.swift in Sources */,
				30DF3A6D1CA71BE700E6068A /* NotificationCenter+MessageSubscriber.swift in Sources */,
				30DF3A651CA71BE400E6068A /* MessagePublisher.swift in Sources */,
				303D1BCC1C88F4E900F7FB6C /* Notification+NotificationMessage.swift in Sources */,
				30DF3A6E1CA71BE700E6068A /* NotificationQueue+MessagePublisher.swift in Sources */,
				30DF3A6A1CA71BE400E6068A /* StaticSubscriptionContainer.swift in Sources */,
				303D1BCF1C88F4E900F7FB6C /* NotificationMessage.swift in Sources */,
				30DF3A641CA71BE400E6068A /* Message.swift in Sources */,
				30DF3A691CA71BE400E6068A /* StaticMessageHandler.swift in Sources */,
				30DF3A6B1CA71BE400E6068A /* StaticWeakSubscriptionContainer.swift in Sources */,
				30DF3A681CA71BE400E6068A /* WeakMessageSubscription.swift in Sources */,
				30DF3A6F1CA71BE700E6068A /* NotificationCenter+MessagePublisher.swift in Sources */,
				30DF3A671CA71BE400E6068A /* MessageSubscription.swift in Sources */,
				30DF3A661CA71BE400E6068A /* MessageSubscriber.swift in Sources */,
			);
			runOnlyForDeploymentPostprocessing = 0;
		};
		303520C31C88EE6500436351 /* Sources */ = {
			isa = PBXSourcesBuildPhase;
			buildActionMask = 2147483647;
			files = (
				9997A7301D9B9E1800B81C8D /* XCTestExtensions.swift in Sources */,
				303520CA1C88EE6500436351 /* MHMessageKitTests.swift in Sources */,
			);
			runOnlyForDeploymentPostprocessing = 0;
		};
/* End PBXSourcesBuildPhase section */

/* Begin PBXTargetDependency section */
		303520CE1C88EE6500436351 /* PBXTargetDependency */ = {
			isa = PBXTargetDependency;
			target = 303520721C88EC4E00436351 /* MHMessageKit */;
			targetProxy = 303520CD1C88EE6500436351 /* PBXContainerItemProxy */;
		};
/* End PBXTargetDependency section */

/* Begin XCBuildConfiguration section */
		303520791C88EC4E00436351 /* Debug */ = {
			isa = XCBuildConfiguration;
			buildSettings = {
				ALWAYS_SEARCH_USER_PATHS = NO;
				CLANG_CXX_LANGUAGE_STANDARD = "gnu++0x";
				CLANG_CXX_LIBRARY = "libc++";
				CLANG_ENABLE_MODULES = YES;
				CLANG_ENABLE_OBJC_ARC = YES;
				CLANG_WARN_BLOCK_CAPTURE_AUTORELEASING = YES;
				CLANG_WARN_BOOL_CONVERSION = YES;
				CLANG_WARN_COMMA = YES;
				CLANG_WARN_CONSTANT_CONVERSION = YES;
				CLANG_WARN_DEPRECATED_OBJC_IMPLEMENTATIONS = YES;
				CLANG_WARN_DIRECT_OBJC_ISA_USAGE = YES_ERROR;
				CLANG_WARN_EMPTY_BODY = YES;
				CLANG_WARN_ENUM_CONVERSION = YES;
				CLANG_WARN_INFINITE_RECURSION = YES;
				CLANG_WARN_INT_CONVERSION = YES;
				CLANG_WARN_NON_LITERAL_NULL_CONVERSION = YES;
				CLANG_WARN_OBJC_IMPLICIT_RETAIN_SELF = YES;
				CLANG_WARN_OBJC_LITERAL_CONVERSION = YES;
				CLANG_WARN_OBJC_ROOT_CLASS = YES_ERROR;
				CLANG_WARN_RANGE_LOOP_ANALYSIS = YES;
				CLANG_WARN_STRICT_PROTOTYPES = YES;
				CLANG_WARN_SUSPICIOUS_MOVE = YES;
				CLANG_WARN_UNREACHABLE_CODE = YES;
				CLANG_WARN__DUPLICATE_METHOD_MATCH = YES;
				"CODE_SIGN_IDENTITY[sdk=iphoneos*]" = "iPhone Developer";
				COPY_PHASE_STRIP = NO;
				CURRENT_PROJECT_VERSION = 1;
				DEBUG_INFORMATION_FORMAT = dwarf;
				ENABLE_STRICT_OBJC_MSGSEND = YES;
				ENABLE_TESTABILITY = YES;
				GCC_C_LANGUAGE_STANDARD = gnu99;
				GCC_DYNAMIC_NO_PIC = NO;
				GCC_NO_COMMON_BLOCKS = YES;
				GCC_OPTIMIZATION_LEVEL = 0;
				GCC_PREPROCESSOR_DEFINITIONS = (
					"DEBUG=1",
					"$(inherited)",
				);
				GCC_WARN_64_TO_32_BIT_CONVERSION = YES;
				GCC_WARN_ABOUT_RETURN_TYPE = YES_ERROR;
				GCC_WARN_UNDECLARED_SELECTOR = YES;
				GCC_WARN_UNINITIALIZED_AUTOS = YES_AGGRESSIVE;
				GCC_WARN_UNUSED_FUNCTION = YES;
				GCC_WARN_UNUSED_VARIABLE = YES;
				IPHONEOS_DEPLOYMENT_TARGET = 8.0;
				MTL_ENABLE_DEBUG_INFO = YES;
				ONLY_ACTIVE_ARCH = YES;
				SDKROOT = iphoneos;
				SWIFT_OPTIMIZATION_LEVEL = "-Onone";
				TARGETED_DEVICE_FAMILY = "1,2";
				VERSIONING_SYSTEM = "apple-generic";
				VERSION_INFO_PREFIX = "";
			};
			name = Debug;
		};
		3035207A1C88EC4E00436351 /* Release */ = {
			isa = XCBuildConfiguration;
			buildSettings = {
				ALWAYS_SEARCH_USER_PATHS = NO;
				CLANG_CXX_LANGUAGE_STANDARD = "gnu++0x";
				CLANG_CXX_LIBRARY = "libc++";
				CLANG_ENABLE_MODULES = YES;
				CLANG_ENABLE_OBJC_ARC = YES;
				CLANG_WARN_BLOCK_CAPTURE_AUTORELEASING = YES;
				CLANG_WARN_BOOL_CONVERSION = YES;
				CLANG_WARN_COMMA = YES;
				CLANG_WARN_CONSTANT_CONVERSION = YES;
				CLANG_WARN_DEPRECATED_OBJC_IMPLEMENTATIONS = YES;
				CLANG_WARN_DIRECT_OBJC_ISA_USAGE = YES_ERROR;
				CLANG_WARN_EMPTY_BODY = YES;
				CLANG_WARN_ENUM_CONVERSION = YES;
				CLANG_WARN_INFINITE_RECURSION = YES;
				CLANG_WARN_INT_CONVERSION = YES;
				CLANG_WARN_NON_LITERAL_NULL_CONVERSION = YES;
				CLANG_WARN_OBJC_IMPLICIT_RETAIN_SELF = YES;
				CLANG_WARN_OBJC_LITERAL_CONVERSION = YES;
				CLANG_WARN_OBJC_ROOT_CLASS = YES_ERROR;
				CLANG_WARN_RANGE_LOOP_ANALYSIS = YES;
				CLANG_WARN_STRICT_PROTOTYPES = YES;
				CLANG_WARN_SUSPICIOUS_MOVE = YES;
				CLANG_WARN_UNREACHABLE_CODE = YES;
				CLANG_WARN__DUPLICATE_METHOD_MATCH = YES;
				"CODE_SIGN_IDENTITY[sdk=iphoneos*]" = "iPhone Developer";
				COPY_PHASE_STRIP = NO;
				CURRENT_PROJECT_VERSION = 1;
				DEBUG_INFORMATION_FORMAT = "dwarf-with-dsym";
				ENABLE_NS_ASSERTIONS = NO;
				ENABLE_STRICT_OBJC_MSGSEND = YES;
				GCC_C_LANGUAGE_STANDARD = gnu99;
				GCC_NO_COMMON_BLOCKS = YES;
				GCC_WARN_64_TO_32_BIT_CONVERSION = YES;
				GCC_WARN_ABOUT_RETURN_TYPE = YES_ERROR;
				GCC_WARN_UNDECLARED_SELECTOR = YES;
				GCC_WARN_UNINITIALIZED_AUTOS = YES_AGGRESSIVE;
				GCC_WARN_UNUSED_FUNCTION = YES;
				GCC_WARN_UNUSED_VARIABLE = YES;
				IPHONEOS_DEPLOYMENT_TARGET = 8.0;
				MTL_ENABLE_DEBUG_INFO = NO;
				SDKROOT = iphoneos;
				SWIFT_OPTIMIZATION_LEVEL = "-Owholemodule";
				TARGETED_DEVICE_FAMILY = "1,2";
				VALIDATE_PRODUCT = YES;
				VERSIONING_SYSTEM = "apple-generic";
				VERSION_INFO_PREFIX = "";
			};
			name = Release;
		};
		3035207C1C88EC4E00436351 /* Debug */ = {
			isa = XCBuildConfiguration;
			buildSettings = {
				CLANG_ENABLE_MODULES = YES;
				"CODE_SIGN_IDENTITY[sdk=iphoneos*]" = "";
				DEFINES_MODULE = YES;
				DYLIB_COMPATIBILITY_VERSION = 1;
				DYLIB_CURRENT_VERSION = 1;
				DYLIB_INSTALL_NAME_BASE = "@rpath";
				INFOPLIST_FILE = MHMessageKit/Info.plist;
				INSTALL_PATH = "$(LOCAL_LIBRARY_DIR)/Frameworks";
				LD_RUNPATH_SEARCH_PATHS = "$(inherited) @executable_path/Frameworks @loader_path/Frameworks";
				PRODUCT_BUNDLE_IDENTIFIER = com.KoCMoHaBTa.MHMessageKit;
				PRODUCT_NAME = "$(TARGET_NAME)";
				SKIP_INSTALL = YES;
				SWIFT_OPTIMIZATION_LEVEL = "-Onone";
				SWIFT_VERSION = 4.0;
			};
			name = Debug;
		};
		3035207D1C88EC4E00436351 /* Release */ = {
			isa = XCBuildConfiguration;
			buildSettings = {
				CLANG_ENABLE_MODULES = YES;
				"CODE_SIGN_IDENTITY[sdk=iphoneos*]" = "";
				DEFINES_MODULE = YES;
				DYLIB_COMPATIBILITY_VERSION = 1;
				DYLIB_CURRENT_VERSION = 1;
				DYLIB_INSTALL_NAME_BASE = "@rpath";
				INFOPLIST_FILE = MHMessageKit/Info.plist;
				INSTALL_PATH = "$(LOCAL_LIBRARY_DIR)/Frameworks";
				LD_RUNPATH_SEARCH_PATHS = "$(inherited) @executable_path/Frameworks @loader_path/Frameworks";
				PRODUCT_BUNDLE_IDENTIFIER = com.KoCMoHaBTa.MHMessageKit;
				PRODUCT_NAME = "$(TARGET_NAME)";
				SKIP_INSTALL = YES;
				SWIFT_VERSION = 4.0;
			};
			name = Release;
		};
		303520D01C88EE6500436351 /* Debug */ = {
			isa = XCBuildConfiguration;
			buildSettings = {
				INFOPLIST_FILE = MHMessageKitTests/Info.plist;
				IPHONEOS_DEPLOYMENT_TARGET = 9.2;
				LD_RUNPATH_SEARCH_PATHS = "$(inherited) @executable_path/Frameworks @loader_path/Frameworks";
				PRODUCT_BUNDLE_IDENTIFIER = com.KoCMoHaBTa.MHMessageKitTests;
				PRODUCT_NAME = "$(TARGET_NAME)";
				SWIFT_VERSION = 4.0;
			};
			name = Debug;
		};
		303520D11C88EE6500436351 /* Release */ = {
			isa = XCBuildConfiguration;
			buildSettings = {
				INFOPLIST_FILE = MHMessageKitTests/Info.plist;
				IPHONEOS_DEPLOYMENT_TARGET = 9.2;
				LD_RUNPATH_SEARCH_PATHS = "$(inherited) @executable_path/Frameworks @loader_path/Frameworks";
				PRODUCT_BUNDLE_IDENTIFIER = com.KoCMoHaBTa.MHMessageKitTests;
				PRODUCT_NAME = "$(TARGET_NAME)";
				SWIFT_VERSION = 4.0;
			};
			name = Release;
		};
/* End XCBuildConfiguration section */

/* Begin XCConfigurationList section */
		3035206D1C88EC4E00436351 /* Build configuration list for PBXProject "MHMessageKit" */ = {
			isa = XCConfigurationList;
			buildConfigurations = (
				303520791C88EC4E00436351 /* Debug */,
				3035207A1C88EC4E00436351 /* Release */,
			);
			defaultConfigurationIsVisible = 0;
			defaultConfigurationName = Release;
		};
		3035207B1C88EC4E00436351 /* Build configuration list for PBXNativeTarget "MHMessageKit" */ = {
			isa = XCConfigurationList;
			buildConfigurations = (
				3035207C1C88EC4E00436351 /* Debug */,
				3035207D1C88EC4E00436351 /* Release */,
			);
			defaultConfigurationIsVisible = 0;
			defaultConfigurationName = Release;
		};
		303520CF1C88EE6500436351 /* Build configuration list for PBXNativeTarget "MHMessageKitTests" */ = {
			isa = XCConfigurationList;
			buildConfigurations = (
				303520D01C88EE6500436351 /* Debug */,
				303520D11C88EE6500436351 /* Release */,
			);
			defaultConfigurationIsVisible = 0;
			defaultConfigurationName = Release;
		};
/* End XCConfigurationList section */
	};
	rootObject = 3035206A1C88EC4E00436351 /* Project object */;
}
